// !$*UTF8*$!
{
	archiveVersion = 1;
	classes = {
	};
	objectVersion = 50;
	objects = {

/* Begin PBXBuildFile section */
		025B941C24D85D42003659A5 /* AppDelegate.m in Sources */ = {isa = PBXBuildFile; fileRef = 025B941B24D85D42003659A5 /* AppDelegate.m */; };
		025B941F24D85D42003659A5 /* SceneDelegate.m in Sources */ = {isa = PBXBuildFile; fileRef = 025B941E24D85D42003659A5 /* SceneDelegate.m */; };
		025B942224D85D42003659A5 /* ViewController.m in Sources */ = {isa = PBXBuildFile; fileRef = 025B942124D85D42003659A5 /* ViewController.m */; };
		025B942524D85D42003659A5 /* Main.storyboard in Resources */ = {isa = PBXBuildFile; fileRef = 025B942324D85D42003659A5 /* Main.storyboard */; };
		025B942724D85D43003659A5 /* Assets.xcassets in Resources */ = {isa = PBXBuildFile; fileRef = 025B942624D85D43003659A5 /* Assets.xcassets */; };
		025B942A24D85D43003659A5 /* LaunchScreen.storyboard in Resources */ = {isa = PBXBuildFile; fileRef = 025B942824D85D43003659A5 /* LaunchScreen.storyboard */; };
		025B942D24D85D43003659A5 /* main.m in Sources */ = {isa = PBXBuildFile; fileRef = 025B942C24D85D43003659A5 /* main.m */; };
/* End PBXBuildFile section */

/* Begin PBXFileReference section */
		025B941724D85D42003659A5 /* OpenGLES-002GLKit物体渲染.app */ = {isa = PBXFileReference; explicitFileType = wrapper.application; includeInIndex = 0; path = "OpenGLES-002GLKit物体渲染.app"; sourceTree = BUILT_PRODUCTS_DIR; };
		025B941A24D85D42003659A5 /* AppDelegate.h */ = {isa = PBXFileReference; lastKnownFileType = sourcecode.c.h; path = AppDelegate.h; sourceTree = "<group>"; };
		025B941B24D85D42003659A5 /* AppDelegate.m */ = {isa = PBXFileReference; lastKnownFileType = sourcecode.c.objc; path = AppDelegate.m; sourceTree = "<group>"; };
		025B941D24D85D42003659A5 /* SceneDelegate.h */ = {isa = PBXFileReference; lastKnownFileType = sourcecode.c.h; path = SceneDelegate.h; sourceTree = "<group>"; };
		025B941E24D85D42003659A5 /* SceneDelegate.m */ = {isa = PBXFileReference; lastKnownFileType = sourcecode.c.objc; path = SceneDelegate.m; sourceTree = "<group>"; };
		025B942024D85D42003659A5 /* ViewController.h */ = {isa = PBXFileReference; lastKnownFileType = sourcecode.c.h; path = ViewController.h; sourceTree = "<group>"; };
		025B942124D85D42003659A5 /* ViewController.m */ = {isa = PBXFileReference; lastKnownFileType = sourcecode.c.objc; path = ViewController.m; sourceTree = "<group>"; };
		025B942424D85D42003659A5 /* Base */ = {isa = PBXFileReference; lastKnownFileType = file.storyboard; name = Base; path = Base.lproj/Main.storyboard; sourceTree = "<group>"; };
		025B942624D85D43003659A5 /* Assets.xcassets */ = {isa = PBXFileReference; lastKnownFileType = folder.assetcatalog; path = Assets.xcassets; sourceTree = "<group>"; };
		025B942924D85D43003659A5 /* Base */ = {isa = PBXFileReference; lastKnownFileType = file.storyboard; name = Base; path = Base.lproj/LaunchScreen.storyboard; sourceTree = "<group>"; };
		025B942B24D85D43003659A5 /* Info.plist */ = {isa = PBXFileReference; lastKnownFileType = text.plist.xml; path = Info.plist; sourceTree = "<group>"; };
		025B942C24D85D43003659A5 /* main.m */ = {isa = PBXFileReference; lastKnownFileType = sourcecode.c.objc; path = main.m; sourceTree = "<group>"; };
/* End PBXFileReference section */

/* Begin PBXFrameworksBuildPhase section */
		025B941424D85D42003659A5 /* Frameworks */ = {
			isa = PBXFrameworksBuildPhase;
			buildActionMask = 2147483647;
			files = (
			);
			runOnlyForDeploymentPostprocessing = 0;
		};
/* End PBXFrameworksBuildPhase section */

/* Begin PBXGroup section */
		025B940E24D85D41003659A5 = {
			isa = PBXGroup;
			children = (
				025B941924D85D42003659A5 /* OpenGLES-002GLKit物体渲染 */,
				025B941824D85D42003659A5 /* Products */,
			);
			sourceTree = "<group>";
		};
		025B941824D85D42003659A5 /* Products */ = {
			isa = PBXGroup;
			children = (
				025B941724D85D42003659A5 /* OpenGLES-002GLKit物体渲染.app */,
			);
			name = Products;
			sourceTree = "<group>";
		};
		025B941924D85D42003659A5 /* OpenGLES-002GLKit物体渲染 */ = {
			isa = PBXGroup;
			children = (
				025B941A24D85D42003659A5 /* AppDelegate.h */,
				025B941B24D85D42003659A5 /* AppDelegate.m */,
				025B941D24D85D42003659A5 /* SceneDelegate.h */,
				025B941E24D85D42003659A5 /* SceneDelegate.m */,
				025B942024D85D42003659A5 /* ViewController.h */,
				025B942124D85D42003659A5 /* ViewController.m */,
				025B942324D85D42003659A5 /* Main.storyboard */,
				025B942624D85D43003659A5 /* Assets.xcassets */,
				025B942824D85D43003659A5 /* LaunchScreen.storyboard */,
				025B942B24D85D43003659A5 /* Info.plist */,
				025B942C24D85D43003659A5 /* main.m */,
			);
			path = "OpenGLES-002GLKit物体渲染";
			sourceTree = "<group>";
		};
/* End PBXGroup section */

/* Begin PBXNativeTarget section */
		025B941624D85D42003659A5 /* OpenGLES-002GLKit物体渲染 */ = {
			isa = PBXNativeTarget;
			buildConfigurationList = 025B943024D85D43003659A5 /* Build configuration list for PBXNativeTarget "OpenGLES-002GLKit物体渲染" */;
			buildPhases = (
				025B941324D85D42003659A5 /* Sources */,
				025B941424D85D42003659A5 /* Frameworks */,
				025B941524D85D42003659A5 /* Resources */,
			);
			buildRules = (
			);
			dependencies = (
			);
			name = "OpenGLES-002GLKit物体渲染";
			productName = "OpenGLES-002GLKit物体渲染";
			productReference = 025B941724D85D42003659A5 /* OpenGLES-002GLKit物体渲染.app */;
			productType = "com.apple.product-type.application";
		};
/* End PBXNativeTarget section */

/* Begin PBXProject section */
		025B940F24D85D41003659A5 /* Project object */ = {
			isa = PBXProject;
			attributes = {
				LastUpgradeCheck = 1110;
				ORGANIZATIONNAME = Henry;
				TargetAttributes = {
					025B941624D85D42003659A5 = {
						CreatedOnToolsVersion = 11.1;
					};
				};
			};
			buildConfigurationList = 025B941224D85D41003659A5 /* Build configuration list for PBXProject "OpenGLES-002GLKit物体渲染" */;
			compatibilityVersion = "Xcode 9.3";
			developmentRegion = en;
			hasScannedForEncodings = 0;
			knownRegions = (
				en,
				Base,
			);
			mainGroup = 025B940E24D85D41003659A5;
			productRefGroup = 025B941824D85D42003659A5 /* Products */;
			projectDirPath = "";
			projectRoot = "";
			targets = (
				025B941624D85D42003659A5 /* OpenGLES-002GLKit物体渲染 */,
			);
		};
/* End PBXProject section */

/* Begin PBXResourcesBuildPhase section */
		025B941524D85D42003659A5 /* Resources */ = {
			isa = PBXResourcesBuildPhase;
			buildActionMask = 2147483647;
			files = (
				025B942A24D85D43003659A5 /* LaunchScreen.storyboard in Resources */,
				025B942724D85D43003659A5 /* Assets.xcassets in Resources */,
				025B942524D85D42003659A5 /* Main.storyboard in Resources */,
			);
			runOnlyForDeploymentPostprocessing = 0;
		};
/* End PBXResourcesBuildPhase section */

/* Begin PBXSourcesBuildPhase section */
		025B941324D85D42003659A5 /* Sources */ = {
			isa = PBXSourcesBuildPhase;
			buildActionMask = 2147483647;
			files = (
				025B942224D85D42003659A5 /* ViewController.m in Sources */,
				025B941C24D85D42003659A5 /* AppDelegate.m in Sources */,
				025B942D24D85D43003659A5 /* main.m in Sources */,
				025B941F24D85D42003659A5 /* SceneDelegate.m in Sources */,
			);
			runOnlyForDeploymentPostprocessing = 0;
		};
/* End PBXSourcesBuildPhase section */

/* Begin PBXVariantGroup section */
		025B942324D85D42003659A5 /* Main.storyboard */ = {
			isa = PBXVariantGroup;
			children = (
				025B942424D85D42003659A5 /* Base */,
			);
			name = Main.storyboard;
			sourceTree = "<group>";
		};
		025B942824D85D43003659A5 /* LaunchScreen.storyboard */ = {
			isa = PBXVariantGroup;
			children = (
				025B942924D85D43003659A5 /* Base */,
			);
			name = LaunchScreen.storyboard;
			sourceTree = "<group>";
		};
/* End PBXVariantGroup section */

/* Begin XCBuildConfiguration section */
		025B942E24D85D43003659A5 /* Debug */ = {
			isa = XCBuildConfiguration;
			buildSettings = {
				ALWAYS_SEARCH_USER_PATHS = NO;
				CLANG_ANALYZER_NONNULL = YES;
				CLANG_ANALYZER_NUMBER_OBJECT_CONVERSION = YES_AGGRESSIVE;
				CLANG_CXX_LANGUAGE_STANDARD = "gnu++14";
				CLANG_CXX_LIBRARY = "libc++";
				CLANG_ENABLE_MODULES = YES;
				CLANG_ENABLE_OBJC_ARC = YES;
				CLANG_ENABLE_OBJC_WEAK = YES;
				CLANG_WARN_BLOCK_CAPTURE_AUTORELEASING = YES;
				CLANG_WARN_BOOL_CONVERSION = YES;
				CLANG_WARN_COMMA = YES;
				CLANG_WARN_CONSTANT_CONVERSION = YES;
				CLANG_WARN_DEPRECATED_OBJC_IMPLEMENTATIONS = YES;
				CLANG_WARN_DIRECT_OBJC_ISA_USAGE = YES_ERROR;
				CLANG_WARN_DOCUMENTATION_COMMENTS = YES;
				CLANG_WARN_EMPTY_BODY = YES;
				CLANG_WARN_ENUM_CONVERSION = YES;
				CLANG_WARN_INFINITE_RECURSION = YES;
				CLANG_WARN_INT_CONVERSION = YES;
				CLANG_WARN_NON_LITERAL_NULL_CONVERSION = YES;
				CLANG_WARN_OBJC_IMPLICIT_RETAIN_SELF = YES;
				CLANG_WARN_OBJC_LITERAL_CONVERSION = YES;
				CLANG_WARN_OBJC_ROOT_CLASS = YES_ERROR;
				CLANG_WARN_RANGE_LOOP_ANALYSIS = YES;
				CLANG_WARN_STRICT_PROTOTYPES = YES;
				CLANG_WARN_SUSPICIOUS_MOVE = YES;
				CLANG_WARN_UNGUARDED_AVAILABILITY = YES_AGGRESSIVE;
				CLANG_WARN_UNREACHABLE_CODE = YES;
				CLANG_WARN__DUPLICATE_METHOD_MATCH = YES;
				COPY_PHASE_STRIP = NO;
				DEBUG_INFORMATION_FORMAT = dwarf;
				ENABLE_STRICT_OBJC_MSGSEND = YES;
				ENABLE_TESTABILITY = YES;
				GCC_C_LANGUAGE_STANDARD = gnu11;
				GCC_DYNAMIC_NO_PIC = NO;
				GCC_NO_COMMON_BLOCKS = YES;
				GCC_OPTIMIZATION_LEVEL = 0;
				GCC_PREPROCESSOR_DEFINITIONS = (
					"DEBUG=1",
					"$(inherited)",
				);
				GCC_WARN_64_TO_32_BIT_CONVERSION = YES;
				GCC_WARN_ABOUT_RETURN_TYPE = YES_ERROR;
				GCC_WARN_UNDECLARED_SELECTOR = YES;
				GCC_WARN_UNINITIALIZED_AUTOS = YES_AGGRESSIVE;
				GCC_WARN_UNUSED_FUNCTION = YES;
				GCC_WARN_UNUSED_VARIABLE = YES;
				IPHONEOS_DEPLOYMENT_TARGET = 13.1;
				MTL_ENABLE_DEBUG_INFO = INCLUDE_SOURCE;
				MTL_FAST_MATH = YES;
				ONLY_ACTIVE_ARCH = YES;
				SDKROOT = iphoneos;
			};
			name = Debug;
		};
		025B942F24D85D43003659A5 /* Release */ = {
			isa = XCBuildConfiguration;
			buildSettings = {
				ALWAYS_SEARCH_USER_PATHS = NO;
				CLANG_ANALYZER_NONNULL = YES;
				CLANG_ANALYZER_NUMBER_OBJECT_CONVERSION = YES_AGGRESSIVE;
				CLANG_CXX_LANGUAGE_STANDARD = "gnu++14";
				CLANG_CXX_LIBRARY = "libc++";
				CLANG_ENABLE_MODULES = YES;
				CLANG_ENABLE_OBJC_ARC = YES;
				CLANG_ENABLE_OBJC_WEAK = YES;
				CLANG_WARN_BLOCK_CAPTURE_AUTORELEASING = YES;
				CLANG_WARN_BOOL_CONVERSION = YES;
				CLANG_WARN_COMMA = YES;
				CLANG_WARN_CONSTANT_CONVERSION = YES;
				CLANG_WARN_DEPRECATED_OBJC_IMPLEMENTATIONS = YES;
				CLANG_WARN_DIRECT_OBJC_ISA_USAGE = YES_ERROR;
				CLANG_WARN_DOCUMENTATION_COMMENTS = YES;
				CLANG_WARN_EMPTY_BODY = YES;
				CLANG_WARN_ENUM_CONVERSION = YES;
				CLANG_WARN_INFINITE_RECURSION = YES;
				CLANG_WARN_INT_CONVERSION = YES;
				CLANG_WARN_NON_LITERAL_NULL_CONVERSION = YES;
				CLANG_WARN_OBJC_IMPLICIT_RETAIN_SELF = YES;
				CLANG_WARN_OBJC_LITERAL_CONVERSION = YES;
				CLANG_WARN_OBJC_ROOT_CLASS = YES_ERROR;
				CLANG_WARN_RANGE_LOOP_ANALYSIS = YES;
				CLANG_WARN_STRICT_PROTOTYPES = YES;
				CLANG_WARN_SUSPICIOUS_MOVE = YES;
				CLANG_WARN_UNGUARDED_AVAILABILITY = YES_AGGRESSIVE;
				CLANG_WARN_UNREACHABLE_CODE = YES;
				CLANG_WARN__DUPLICATE_METHOD_MATCH = YES;
				COPY_PHASE_STRIP = NO;
				DEBUG_INFORMATION_FORMAT = "dwarf-with-dsym";
				ENABLE_NS_ASSERTIONS = NO;
				ENABLE_STRICT_OBJC_MSGSEND = YES;
				GCC_C_LANGUAGE_STANDARD = gnu11;
				GCC_NO_COMMON_BLOCKS = YES;
				GCC_WARN_64_TO_32_BIT_CONVERSION = YES;
				GCC_WARN_ABOUT_RETURN_TYPE = YES_ERROR;
				GCC_WARN_UNDECLARED_SELECTOR = YES;
				GCC_WARN_UNINITIALIZED_AUTOS = YES_AGGRESSIVE;
				GCC_WARN_UNUSED_FUNCTION = YES;
				GCC_WARN_UNUSED_VARIABLE = YES;
				IPHONEOS_DEPLOYMENT_TARGET = 13.1;
				MTL_ENABLE_DEBUG_INFO = NO;
				MTL_FAST_MATH = YES;
				SDKROOT = iphoneos;
				VALIDATE_PRODUCT = YES;
			};
			name = Release;
		};
		025B943124D85D43003659A5 /* Debug */ = {
			isa = XCBuildConfiguration;
			buildSettings = {
				ASSETCATALOG_COMPILER_APPICON_NAME = AppIcon;
				CODE_SIGN_STYLE = Automatic;
				INFOPLIST_FILE = "OpenGLES-002GLKit物体渲染/Info.plist";
				LD_RUNPATH_SEARCH_PATHS = (
					"$(inherited)",
					"@executable_path/Frameworks",
				);
				PRODUCT_BUNDLE_IDENTIFIER = "a.OpenGLES-002GLKit----";
				PRODUCT_NAME = "$(TARGET_NAME)";
				TARGETED_DEVICE_FAMILY = "1,2";
			};
			name = Debug;
		};
		025B943224D85D43003659A5 /* Release */ = {
			isa = XCBuildConfiguration;
			buildSettings = {
				ASSETCATALOG_COMPILER_APPICON_NAME = AppIcon;
				CODE_SIGN_STYLE = Automatic;
				INFOPLIST_FILE = "OpenGLES-002GLKit物体渲染/Info.plist";
				LD_RUNPATH_SEARCH_PATHS = (
					"$(inherited)",
					"@executable_path/Frameworks",
				);
				PRODUCT_BUNDLE_IDENTIFIER = "a.OpenGLES-002GLKit----";
				PRODUCT_NAME = "$(TARGET_NAME)";
				TARGETED_DEVICE_FAMILY = "1,2";
			};
			name = Release;
		};
/* End XCBuildConfiguration section */

/* Begin XCConfigurationList section */
		025B941224D85D41003659A5 /* Build configuration list for PBXProject "OpenGLES-002GLKit物体渲染" */ = {
			isa = XCConfigurationList;
			buildConfigurations = (
				025B942E24D85D43003659A5 /* Debug */,
				025B942F24D85D43003659A5 /* Release */,
			);
			defaultConfigurationIsVisible = 0;
			defaultConfigurationName = Release;
		};
		025B943024D85D43003659A5 /* Build configuration list for PBXNativeTarget "OpenGLES-002GLKit物体渲染" */ = {
			isa = XCConfigurationList;
			buildConfigurations = (
				025B943124D85D43003659A5 /* Debug */,
				025B943224D85D43003659A5 /* Release */,
			);
			defaultConfigurationIsVisible = 0;
			defaultConfigurationName = Release;
		};
/* End XCConfigurationList section */
	};
	rootObject = 025B940F24D85D41003659A5 /* Project object */;
}
